
Microsoft Visual Studio Solution File, Format Version 12.00
# Visual Studio Version 16
VisualStudioVersion = 16.0.29613.14
MinimumVisualStudioVersion = 10.0.40219.1
Project("{FAE04EC0-301F-11D3-BF4B-00C04F79EFBC}") = "Cafe Order MS", "Cafe Order MS\Cafe Order MS.csproj", "{F5DDCE8B-A6BE-4B8B-8A0F-B91F23BBC991}"
EndProject
Global
	GlobalSection(SolutionConfigurationPlatforms) = preSolution
		Debug|Any CPU = Debug|Any CPU
		Release|Any CPU = Release|Any CPU
	EndGlobalSection
	GlobalSection(ProjectConfigurationPlatforms) = postSolution
		{F5DDCE8B-A6BE-4B8B-8A0F-B91F23BBC991}.Debug|Any CPU.ActiveCfg = Debug|Any CPU
		{F5DDCE8B-A6BE-4B8B-8A0F-B91F23BBC991}.Debug|Any CPU.Build.0 = Debug|Any CPU
		{F5DDCE8B-A6BE-4B8B-8A0F-B91F23BBC991}.Release|Any CPU.ActiveCfg = Release|Any CPU
		{F5DDCE8B-A6BE-4B8B-8A0F-B91F23BBC991}.Release|Any CPU.Build.0 = Release|Any CPU
	EndGlobalSection
	GlobalSection(SolutionProperties) = preSolution
		HideSolutionNode = FALSE
	EndGlobalSection
	GlobalSection(ExtensibilityGlobals) = postSolution
		SolutionGuid = {2953BF29-A58A-42CC-A6D1-9976CF6AC057}
	EndGlobalSection
EndGlobal
